
Microsoft Visual Studio Solution File, Format Version 12.00
# Visual Studio Version 16
VisualStudioVersion = 16.0.29609.76
MinimumVisualStudioVersion = 10.0.40219.1
Project("{FAE04EC0-301F-11D3-BF4B-00C04F79EFBC}") = "FantasyData.Api.Client", "FantasyData.Api.Client\FantasyData.Api.Client.csproj", "{1BA288D8-B451-4292-8B05-DFFA603CDC2C}"
EndProject
Project("{FAE04EC0-301F-11D3-BF4B-00C04F79EFBC}") = "FantasyData.Api.Test", "FantasyData.Api.Test\FantasyData.Api.Test.csproj", "{58111C45-5B5A-4F7B-9C24-40A867A24D58}"
EndProject
Global
	GlobalSection(SolutionConfigurationPlatforms) = preSolution
		Debug|Any CPU = Debug|Any CPU
		Release|Any CPU = Release|Any CPU
	EndGlobalSection
	GlobalSection(ProjectConfigurationPlatforms) = postSolution
		{1BA288D8-B451-4292-8B05-DFFA603CDC2C}.Debug|Any CPU.ActiveCfg = Debug|Any CPU
		{1BA288D8-B451-4292-8B05-DFFA603CDC2C}.Debug|Any CPU.Build.0 = Debug|Any CPU
		{1BA288D8-B451-4292-8B05-DFFA603CDC2C}.Release|Any CPU.ActiveCfg = Release|Any CPU
		{1BA288D8-B451-4292-8B05-DFFA603CDC2C}.Release|Any CPU.Build.0 = Release|Any CPU
		{58111C45-5B5A-4F7B-9C24-40A867A24D58}.Debug|Any CPU.ActiveCfg = Debug|Any CPU
		{58111C45-5B5A-4F7B-9C24-40A867A24D58}.Debug|Any CPU.Build.0 = Debug|Any CPU
		{58111C45-5B5A-4F7B-9C24-40A867A24D58}.Release|Any CPU.ActiveCfg = Release|Any CPU
		{58111C45-5B5A-4F7B-9C24-40A867A24D58}.Release|Any CPU.Build.0 = Release|Any CPU
	EndGlobalSection
	GlobalSection(SolutionProperties) = preSolution
		HideSolutionNode = FALSE
	EndGlobalSection
	GlobalSection(ExtensibilityGlobals) = postSolution
		SolutionGuid = {082AC64B-2D34-4ADF-94B4-D737B9E20AB2}
	EndGlobalSection
EndGlobal
